// !$*UTF8*$!
{
	archiveVersion = 1;
	classes = {
	};
	objectVersion = 50;
	objects = {

/* Begin PBXBuildFile section */
		A91169F22368C8700005910A /* AppDelegate.swift in Sources */ = {isa = PBXBuildFile; fileRef = A91169F12368C8700005910A /* AppDelegate.swift */; };
		A91169F72368C8700005910A /* Main.storyboard in Resources */ = {isa = PBXBuildFile; fileRef = A91169F52368C8700005910A /* Main.storyboard */; };
		A91169FA2368C8700005910A /* Recipes.xcdatamodeld in Sources */ = {isa = PBXBuildFile; fileRef = A91169F82368C8700005910A /* Recipes.xcdatamodeld */; };
		A91169FC2368C8760005910A /* Assets.xcassets in Resources */ = {isa = PBXBuildFile; fileRef = A91169FB2368C8760005910A /* Assets.xcassets */; };
		A91169FF2368C8760005910A /* LaunchScreen.storyboard in Resources */ = {isa = PBXBuildFile; fileRef = A91169FD2368C8760005910A /* LaunchScreen.storyboard */; };
		A972A01E237743C1005263C4 /* MessageDatabase.swift in Sources */ = {isa = PBXBuildFile; fileRef = A972A01D237743C1005263C4 /* MessageDatabase.swift */; };
		A972A020237979EC005263C4 /* TableViewController.swift in Sources */ = {isa = PBXBuildFile; fileRef = A972A01F237979EC005263C4 /* TableViewController.swift */; };
		A975097123747514004517E5 /* Database.swift in Sources */ = {isa = PBXBuildFile; fileRef = A975097023747514004517E5 /* Database.swift */; };
		A9750974237476F0004517E5 /* Recipe.swift in Sources */ = {isa = PBXBuildFile; fileRef = A9750973237476F0004517E5 /* Recipe.swift */; };
		A97509762374776F004517E5 /* Category.swift in Sources */ = {isa = PBXBuildFile; fileRef = A97509752374776F004517E5 /* Category.swift */; };
		A989E948238D664300E72F1B /* Unit.swift in Sources */ = {isa = PBXBuildFile; fileRef = A989E947238D664300E72F1B /* Unit.swift */; };
		A989E94A238E935200E72F1B /* IngredientsTableViewController.swift in Sources */ = {isa = PBXBuildFile; fileRef = A989E949238E935200E72F1B /* IngredientsTableViewController.swift */; };
		A989E94C238E95C300E72F1B /* SelfSizedTableView.swift in Sources */ = {isa = PBXBuildFile; fileRef = A989E94B238E95C300E72F1B /* SelfSizedTableView.swift */; };
		A98B5FD1238AF48400D1127A /* AddRecipeViewController.swift in Sources */ = {isa = PBXBuildFile; fileRef = A98B5FD0238AF48400D1127A /* AddRecipeViewController.swift */; };
		A9E2966E2379D03200F48F34 /* InterfaceRecipes.swift in Sources */ = {isa = PBXBuildFile; fileRef = A9E2966D2379D03200F48F34 /* InterfaceRecipes.swift */; };
		A9E296712379D14800F48F34 /* CategoryTableViewController.swift in Sources */ = {isa = PBXBuildFile; fileRef = A9E296702379D14800F48F34 /* CategoryTableViewController.swift */; };
		A9E29673237A09D500F48F34 /* Extensions.swift in Sources */ = {isa = PBXBuildFile; fileRef = A9E29672237A09D500F48F34 /* Extensions.swift */; };
		A9E29675237A1C6800F48F34 /* EditCategoryTableViewController.swift in Sources */ = {isa = PBXBuildFile; fileRef = A9E29674237A1C6800F48F34 /* EditCategoryTableViewController.swift */; };
/* End PBXBuildFile section */

/* Begin PBXFileReference section */
		A91169EE2368C8700005910A /* Recipes.app */ = {isa = PBXFileReference; explicitFileType = wrapper.application; includeInIndex = 0; path = Recipes.app; sourceTree = BUILT_PRODUCTS_DIR; };
		A91169F12368C8700005910A /* AppDelegate.swift */ = {isa = PBXFileReference; lastKnownFileType = sourcecode.swift; path = AppDelegate.swift; sourceTree = "<group>"; };
		A91169F62368C8700005910A /* Base */ = {isa = PBXFileReference; lastKnownFileType = file.storyboard; name = Base; path = Base.lproj/Main.storyboard; sourceTree = "<group>"; };
		A91169F92368C8700005910A /* Recipes.xcdatamodel */ = {isa = PBXFileReference; lastKnownFileType = wrapper.xcdatamodel; path = Recipes.xcdatamodel; sourceTree = "<group>"; };
		A91169FB2368C8760005910A /* Assets.xcassets */ = {isa = PBXFileReference; lastKnownFileType = folder.assetcatalog; path = Assets.xcassets; sourceTree = "<group>"; };
		A91169FE2368C8760005910A /* Base */ = {isa = PBXFileReference; lastKnownFileType = file.storyboard; name = Base; path = Base.lproj/LaunchScreen.storyboard; sourceTree = "<group>"; };
		A9116A002368C8760005910A /* Info.plist */ = {isa = PBXFileReference; lastKnownFileType = text.plist.xml; path = Info.plist; sourceTree = "<group>"; };
		A972A01D237743C1005263C4 /* MessageDatabase.swift */ = {isa = PBXFileReference; lastKnownFileType = sourcecode.swift; path = MessageDatabase.swift; sourceTree = "<group>"; };
		A972A01F237979EC005263C4 /* TableViewController.swift */ = {isa = PBXFileReference; lastKnownFileType = sourcecode.swift; path = TableViewController.swift; sourceTree = "<group>"; };
		A975097023747514004517E5 /* Database.swift */ = {isa = PBXFileReference; lastKnownFileType = sourcecode.swift; path = Database.swift; sourceTree = "<group>"; };
		A9750973237476F0004517E5 /* Recipe.swift */ = {isa = PBXFileReference; lastKnownFileType = sourcecode.swift; path = Recipe.swift; sourceTree = "<group>"; };
		A97509752374776F004517E5 /* Category.swift */ = {isa = PBXFileReference; lastKnownFileType = sourcecode.swift; path = Category.swift; sourceTree = "<group>"; };
		A989E947238D664300E72F1B /* Unit.swift */ = {isa = PBXFileReference; lastKnownFileType = sourcecode.swift; path = Unit.swift; sourceTree = "<group>"; };
		A989E949238E935200E72F1B /* IngredientsTableViewController.swift */ = {isa = PBXFileReference; lastKnownFileType = sourcecode.swift; path = IngredientsTableViewController.swift; sourceTree = "<group>"; };
		A989E94B238E95C300E72F1B /* SelfSizedTableView.swift */ = {isa = PBXFileReference; lastKnownFileType = sourcecode.swift; path = SelfSizedTableView.swift; sourceTree = "<group>"; };
		A98B5FD0238AF48400D1127A /* AddRecipeViewController.swift */ = {isa = PBXFileReference; lastKnownFileType = sourcecode.swift; path = AddRecipeViewController.swift; sourceTree = "<group>"; };
		A9E2966D2379D03200F48F34 /* InterfaceRecipes.swift */ = {isa = PBXFileReference; lastKnownFileType = sourcecode.swift; path = InterfaceRecipes.swift; sourceTree = "<group>"; };
		A9E296702379D14800F48F34 /* CategoryTableViewController.swift */ = {isa = PBXFileReference; lastKnownFileType = sourcecode.swift; path = CategoryTableViewController.swift; sourceTree = "<group>"; };
		A9E29672237A09D500F48F34 /* Extensions.swift */ = {isa = PBXFileReference; lastKnownFileType = sourcecode.swift; path = Extensions.swift; sourceTree = "<group>"; };
		A9E29674237A1C6800F48F34 /* EditCategoryTableViewController.swift */ = {isa = PBXFileReference; lastKnownFileType = sourcecode.swift; path = EditCategoryTableViewController.swift; sourceTree = "<group>"; };
/* End PBXFileReference section */

/* Begin PBXFrameworksBuildPhase section */
		A91169EB2368C8700005910A /* Frameworks */ = {
			isa = PBXFrameworksBuildPhase;
			buildActionMask = 2147483647;
			files = (
			);
			runOnlyForDeploymentPostprocessing = 0;
		};
/* End PBXFrameworksBuildPhase section */

/* Begin PBXGroup section */
		A91169E52368C8700005910A = {
			isa = PBXGroup;
			children = (
				A91169F02368C8700005910A /* Recipes */,
				A91169EF2368C8700005910A /* Products */,
			);
			sourceTree = "<group>";
		};
		A91169EF2368C8700005910A /* Products */ = {
			isa = PBXGroup;
			children = (
				A91169EE2368C8700005910A /* Recipes.app */,
			);
			name = Products;
			sourceTree = "<group>";
		};
		A91169F02368C8700005910A /* Recipes */ = {
			isa = PBXGroup;
			children = (
				A9E2966F2379D10900F48F34 /* View */,
				A9E2966C2379CFE800F48F34 /* Protocol */,
				A9750972237476D7004517E5 /* Models */,
				A975096F237474FC004517E5 /* Utils */,
				A91169F12368C8700005910A /* AppDelegate.swift */,
				A91169F52368C8700005910A /* Main.storyboard */,
				A91169FB2368C8760005910A /* Assets.xcassets */,
				A91169FD2368C8760005910A /* LaunchScreen.storyboard */,
				A9116A002368C8760005910A /* Info.plist */,
				A91169F82368C8700005910A /* Recipes.xcdatamodeld */,
				A9E29672237A09D500F48F34 /* Extensions.swift */,
			);
			path = Recipes;
			sourceTree = "<group>";
		};
		A975096F237474FC004517E5 /* Utils */ = {
			isa = PBXGroup;
			children = (
				A975097023747514004517E5 /* Database.swift */,
				A972A01D237743C1005263C4 /* MessageDatabase.swift */,
			);
			path = Utils;
			sourceTree = "<group>";
		};
		A9750972237476D7004517E5 /* Models */ = {
			isa = PBXGroup;
			children = (
				A9750973237476F0004517E5 /* Recipe.swift */,
				A97509752374776F004517E5 /* Category.swift */,
				A989E947238D664300E72F1B /* Unit.swift */,
			);
			path = Models;
			sourceTree = "<group>";
		};
		A9E2966C2379CFE800F48F34 /* Protocol */ = {
			isa = PBXGroup;
			children = (
				A9E2966D2379D03200F48F34 /* InterfaceRecipes.swift */,
			);
			path = Protocol;
			sourceTree = "<group>";
		};
		A9E2966F2379D10900F48F34 /* View */ = {
			isa = PBXGroup;
			children = (
				A972A01F237979EC005263C4 /* TableViewController.swift */,
				A9E296702379D14800F48F34 /* CategoryTableViewController.swift */,
				A9E29674237A1C6800F48F34 /* EditCategoryTableViewController.swift */,
				A98B5FD0238AF48400D1127A /* AddRecipeViewController.swift */,
				A989E949238E935200E72F1B /* IngredientsTableViewController.swift */,
				A989E94B238E95C300E72F1B /* SelfSizedTableView.swift */,
			);
			path = View;
			sourceTree = "<group>";
		};
/* End PBXGroup section */

/* Begin PBXNativeTarget section */
		A91169ED2368C8700005910A /* Recipes */ = {
			isa = PBXNativeTarget;
			buildConfigurationList = A9116A032368C8760005910A /* Build configuration list for PBXNativeTarget "Recipes" */;
			buildPhases = (
				A91169EA2368C8700005910A /* Sources */,
				A91169EB2368C8700005910A /* Frameworks */,
				A91169EC2368C8700005910A /* Resources */,
			);
			buildRules = (
			);
			dependencies = (
			);
			name = Recipes;
			productName = Recipes;
			productReference = A91169EE2368C8700005910A /* Recipes.app */;
			productType = "com.apple.product-type.application";
		};
/* End PBXNativeTarget section */

/* Begin PBXProject section */
		A91169E62368C8700005910A /* Project object */ = {
			isa = PBXProject;
			attributes = {
				LastSwiftUpdateCheck = 1020;
				LastUpgradeCheck = 1020;
				ORGANIZATIONNAME = "Tiago Maia";
				TargetAttributes = {
					A91169ED2368C8700005910A = {
						CreatedOnToolsVersion = 10.2.1;
					};
				};
			};
			buildConfigurationList = A91169E92368C8700005910A /* Build configuration list for PBXProject "Recipes" */;
			compatibilityVersion = "Xcode 9.3";
			developmentRegion = en;
			hasScannedForEncodings = 0;
			knownRegions = (
				en,
				Base,
			);
			mainGroup = A91169E52368C8700005910A;
			productRefGroup = A91169EF2368C8700005910A /* Products */;
			projectDirPath = "";
			projectRoot = "";
			targets = (
				A91169ED2368C8700005910A /* Recipes */,
			);
		};
/* End PBXProject section */

/* Begin PBXResourcesBuildPhase section */
		A91169EC2368C8700005910A /* Resources */ = {
			isa = PBXResourcesBuildPhase;
			buildActionMask = 2147483647;
			files = (
				A91169FF2368C8760005910A /* LaunchScreen.storyboard in Resources */,
				A91169FC2368C8760005910A /* Assets.xcassets in Resources */,
				A91169F72368C8700005910A /* Main.storyboard in Resources */,
			);
			runOnlyForDeploymentPostprocessing = 0;
		};
/* End PBXResourcesBuildPhase section */

/* Begin PBXSourcesBuildPhase section */
		A91169EA2368C8700005910A /* Sources */ = {
			isa = PBXSourcesBuildPhase;
			buildActionMask = 2147483647;
			files = (
				A989E948238D664300E72F1B /* Unit.swift in Sources */,
				A98B5FD1238AF48400D1127A /* AddRecipeViewController.swift in Sources */,
				A91169F22368C8700005910A /* AppDelegate.swift in Sources */,
				A975097123747514004517E5 /* Database.swift in Sources */,
				A972A020237979EC005263C4 /* TableViewController.swift in Sources */,
				A91169FA2368C8700005910A /* Recipes.xcdatamodeld in Sources */,
				A9E2966E2379D03200F48F34 /* InterfaceRecipes.swift in Sources */,
				A9750974237476F0004517E5 /* Recipe.swift in Sources */,
				A989E94C238E95C300E72F1B /* SelfSizedTableView.swift in Sources */,
				A989E94A238E935200E72F1B /* IngredientsTableViewController.swift in Sources */,
				A9E296712379D14800F48F34 /* CategoryTableViewController.swift in Sources */,
				A97509762374776F004517E5 /* Category.swift in Sources */,
				A9E29673237A09D500F48F34 /* Extensions.swift in Sources */,
				A972A01E237743C1005263C4 /* MessageDatabase.swift in Sources */,
				A9E29675237A1C6800F48F34 /* EditCategoryTableViewController.swift in Sources */,
			);
			runOnlyForDeploymentPostprocessing = 0;
		};
/* End PBXSourcesBuildPhase section */

/* Begin PBXVariantGroup section */
		A91169F52368C8700005910A /* Main.storyboard */ = {
			isa = PBXVariantGroup;
			children = (
				A91169F62368C8700005910A /* Base */,
			);
			name = Main.storyboard;
			sourceTree = "<group>";
		};
		A91169FD2368C8760005910A /* LaunchScreen.storyboard */ = {
			isa = PBXVariantGroup;
			children = (
				A91169FE2368C8760005910A /* Base */,
			);
			name = LaunchScreen.storyboard;
			sourceTree = "<group>";
		};
/* End PBXVariantGroup section */

/* Begin XCBuildConfiguration section */
		A9116A012368C8760005910A /* Debug */ = {
			isa = XCBuildConfiguration;
			buildSettings = {
				ALWAYS_SEARCH_USER_PATHS = NO;
				CLANG_ANALYZER_NONNULL = YES;
				CLANG_ANALYZER_NUMBER_OBJECT_CONVERSION = YES_AGGRESSIVE;
				CLANG_CXX_LANGUAGE_STANDARD = "gnu++14";
				CLANG_CXX_LIBRARY = "libc++";
				CLANG_ENABLE_MODULES = YES;
				CLANG_ENABLE_OBJC_ARC = YES;
				CLANG_ENABLE_OBJC_WEAK = YES;
				CLANG_WARN_BLOCK_CAPTURE_AUTORELEASING = YES;
				CLANG_WARN_BOOL_CONVERSION = YES;
				CLANG_WARN_COMMA = YES;
				CLANG_WARN_CONSTANT_CONVERSION = YES;
				CLANG_WARN_DEPRECATED_OBJC_IMPLEMENTATIONS = YES;
				CLANG_WARN_DIRECT_OBJC_ISA_USAGE = YES_ERROR;
				CLANG_WARN_DOCUMENTATION_COMMENTS = YES;
				CLANG_WARN_EMPTY_BODY = YES;
				CLANG_WARN_ENUM_CONVERSION = YES;
				CLANG_WARN_INFINITE_RECURSION = YES;
				CLANG_WARN_INT_CONVERSION = YES;
				CLANG_WARN_NON_LITERAL_NULL_CONVERSION = YES;
				CLANG_WARN_OBJC_IMPLICIT_RETAIN_SELF = YES;
				CLANG_WARN_OBJC_LITERAL_CONVERSION = YES;
				CLANG_WARN_OBJC_ROOT_CLASS = YES_ERROR;
				CLANG_WARN_RANGE_LOOP_ANALYSIS = YES;
				CLANG_WARN_STRICT_PROTOTYPES = YES;
				CLANG_WARN_SUSPICIOUS_MOVE = YES;
				CLANG_WARN_UNGUARDED_AVAILABILITY = YES_AGGRESSIVE;
				CLANG_WARN_UNREACHABLE_CODE = YES;
				CLANG_WARN__DUPLICATE_METHOD_MATCH = YES;
				CODE_SIGN_IDENTITY = "iPhone Developer";
				COPY_PHASE_STRIP = NO;
				DEBUG_INFORMATION_FORMAT = dwarf;
				ENABLE_STRICT_OBJC_MSGSEND = YES;
				ENABLE_TESTABILITY = YES;
				GCC_C_LANGUAGE_STANDARD = gnu11;
				GCC_DYNAMIC_NO_PIC = NO;
				GCC_NO_COMMON_BLOCKS = YES;
				GCC_OPTIMIZATION_LEVEL = 0;
				GCC_PREPROCESSOR_DEFINITIONS = (
					"DEBUG=1",
					"$(inherited)",
				);
				GCC_WARN_64_TO_32_BIT_CONVERSION = YES;
				GCC_WARN_ABOUT_RETURN_TYPE = YES_ERROR;
				GCC_WARN_UNDECLARED_SELECTOR = YES;
				GCC_WARN_UNINITIALIZED_AUTOS = YES_AGGRESSIVE;
				GCC_WARN_UNUSED_FUNCTION = YES;
				GCC_WARN_UNUSED_VARIABLE = YES;
				IPHONEOS_DEPLOYMENT_TARGET = 12.2;
				MTL_ENABLE_DEBUG_INFO = INCLUDE_SOURCE;
				MTL_FAST_MATH = YES;
				ONLY_ACTIVE_ARCH = YES;
				SDKROOT = iphoneos;
				SWIFT_ACTIVE_COMPILATION_CONDITIONS = DEBUG;
				SWIFT_OPTIMIZATION_LEVEL = "-Onone";
			};
			name = Debug;
		};
		A9116A022368C8760005910A /* Release */ = {
			isa = XCBuildConfiguration;
			buildSettings = {
				ALWAYS_SEARCH_USER_PATHS = NO;
				CLANG_ANALYZER_NONNULL = YES;
				CLANG_ANALYZER_NUMBER_OBJECT_CONVERSION = YES_AGGRESSIVE;
				CLANG_CXX_LANGUAGE_STANDARD = "gnu++14";
				CLANG_CXX_LIBRARY = "libc++";
				CLANG_ENABLE_MODULES = YES;
				CLANG_ENABLE_OBJC_ARC = YES;
				CLANG_ENABLE_OBJC_WEAK = YES;
				CLANG_WARN_BLOCK_CAPTURE_AUTORELEASING = YES;
				CLANG_WARN_BOOL_CONVERSION = YES;
				CLANG_WARN_COMMA = YES;
				CLANG_WARN_CONSTANT_CONVERSION = YES;
				CLANG_WARN_DEPRECATED_OBJC_IMPLEMENTATIONS = YES;
				CLANG_WARN_DIRECT_OBJC_ISA_USAGE = YES_ERROR;
				CLANG_WARN_DOCUMENTATION_COMMENTS = YES;
				CLANG_WARN_EMPTY_BODY = YES;
				CLANG_WARN_ENUM_CONVERSION = YES;
				CLANG_WARN_INFINITE_RECURSION = YES;
				CLANG_WARN_INT_CONVERSION = YES;
				CLANG_WARN_NON_LITERAL_NULL_CONVERSION = YES;
				CLANG_WARN_OBJC_IMPLICIT_RETAIN_SELF = YES;
				CLANG_WARN_OBJC_LITERAL_CONVERSION = YES;
				CLANG_WARN_OBJC_ROOT_CLASS = YES_ERROR;
				CLANG_WARN_RANGE_LOOP_ANALYSIS = YES;
				CLANG_WARN_STRICT_PROTOTYPES = YES;
				CLANG_WARN_SUSPICIOUS_MOVE = YES;
				CLANG_WARN_UNGUARDED_AVAILABILITY = YES_AGGRESSIVE;
				CLANG_WARN_UNREACHABLE_CODE = YES;
				CLANG_WARN__DUPLICATE_METHOD_MATCH = YES;
				CODE_SIGN_IDENTITY = "iPhone Developer";
				COPY_PHASE_STRIP = NO;
				DEBUG_INFORMATION_FORMAT = "dwarf-with-dsym";
				ENABLE_NS_ASSERTIONS = NO;
				ENABLE_STRICT_OBJC_MSGSEND = YES;
				GCC_C_LANGUAGE_STANDARD = gnu11;
				GCC_NO_COMMON_BLOCKS = YES;
				GCC_WARN_64_TO_32_BIT_CONVERSION = YES;
				GCC_WARN_ABOUT_RETURN_TYPE = YES_ERROR;
				GCC_WARN_UNDECLARED_SELECTOR = YES;
				GCC_WARN_UNINITIALIZED_AUTOS = YES_AGGRESSIVE;
				GCC_WARN_UNUSED_FUNCTION = YES;
				GCC_WARN_UNUSED_VARIABLE = YES;
				IPHONEOS_DEPLOYMENT_TARGET = 12.2;
				MTL_ENABLE_DEBUG_INFO = NO;
				MTL_FAST_MATH = YES;
				SDKROOT = iphoneos;
				SWIFT_COMPILATION_MODE = wholemodule;
				SWIFT_OPTIMIZATION_LEVEL = "-O";
				VALIDATE_PRODUCT = YES;
			};
			name = Release;
		};
		A9116A042368C8760005910A /* Debug */ = {
			isa = XCBuildConfiguration;
			buildSettings = {
				ASSETCATALOG_COMPILER_APPICON_NAME = AppIcon;
				CODE_SIGN_STYLE = Automatic;
				DEVELOPMENT_TEAM = BUX558WABQ;
				INFOPLIST_FILE = Recipes/Info.plist;
				LD_RUNPATH_SEARCH_PATHS = (
					"$(inherited)",
					"@executable_path/Frameworks",
				);
				PRODUCT_BUNDLE_IDENTIFIER = a21230041.Recipes;
				PRODUCT_NAME = "$(TARGET_NAME)";
				SWIFT_VERSION = 5.0;
				TARGETED_DEVICE_FAMILY = "1,2";
			};
			name = Debug;
		};
		A9116A052368C8760005910A /* Release */ = {
			isa = XCBuildConfiguration;
			buildSettings = {
				ASSETCATALOG_COMPILER_APPICON_NAME = AppIcon;
				CODE_SIGN_STYLE = Automatic;
				DEVELOPMENT_TEAM = BUX558WABQ;
				INFOPLIST_FILE = Recipes/Info.plist;
				LD_RUNPATH_SEARCH_PATHS = (
					"$(inherited)",
					"@executable_path/Frameworks",
				);
				PRODUCT_BUNDLE_IDENTIFIER = a21230041.Recipes;
				PRODUCT_NAME = "$(TARGET_NAME)";
				SWIFT_VERSION = 5.0;
				TARGETED_DEVICE_FAMILY = "1,2";
			};
			name = Release;
		};
/* End XCBuildConfiguration section */

/* Begin XCConfigurationList section */
		A91169E92368C8700005910A /* Build configuration list for PBXProject "Recipes" */ = {
			isa = XCConfigurationList;
			buildConfigurations = (
				A9116A012368C8760005910A /* Debug */,
				A9116A022368C8760005910A /* Release */,
			);
			defaultConfigurationIsVisible = 0;
			defaultConfigurationName = Release;
		};
		A9116A032368C8760005910A /* Build configuration list for PBXNativeTarget "Recipes" */ = {
			isa = XCConfigurationList;
			buildConfigurations = (
				A9116A042368C8760005910A /* Debug */,
				A9116A052368C8760005910A /* Release */,
			);
			defaultConfigurationIsVisible = 0;
			defaultConfigurationName = Release;
		};
/* End XCConfigurationList section */

/* Begin XCVersionGroup section */
		A91169F82368C8700005910A /* Recipes.xcdatamodeld */ = {
			isa = XCVersionGroup;
			children = (
				A91169F92368C8700005910A /* Recipes.xcdatamodel */,
			);
			currentVersion = A91169F92368C8700005910A /* Recipes.xcdatamodel */;
			path = Recipes.xcdatamodeld;
			sourceTree = "<group>";
			versionGroupType = wrapper.xcdatamodel;
		};
/* End XCVersionGroup section */
	};
	rootObject = A91169E62368C8700005910A /* Project object */;
}
